
Microsoft Visual Studio Solution File, Format Version 12.00
# Visual Studio Version 17
VisualStudioVersion = 17.0.32112.339
MinimumVisualStudioVersion = 10.0.40219.1
Project("{FAE04EC0-301F-11D3-BF4B-00C04F79EFBC}") = "Brackets.Console", "Brackets.Console\Brackets.Console.csproj", "{6E561E23-907D-4189-B5F3-AA2B85F5A760}"
EndProject
Project("{FAE04EC0-301F-11D3-BF4B-00C04F79EFBC}") = "Brackets.API", "Brackets.API\Brackets.API.csproj", "{0E67E07A-3EEB-4065-AE42-64B9A827AD89}"
EndProject
Global
	GlobalSection(SolutionConfigurationPlatforms) = preSolution
		Debug|Any CPU = Debug|Any CPU
		Release|Any CPU = Release|Any CPU
	EndGlobalSection
	GlobalSection(ProjectConfigurationPlatforms) = postSolution
		{6E561E23-907D-4189-B5F3-AA2B85F5A760}.Debug|Any CPU.ActiveCfg = Debug|Any CPU
		{6E561E23-907D-4189-B5F3-AA2B85F5A760}.Debug|Any CPU.Build.0 = Debug|Any CPU
		{6E561E23-907D-4189-B5F3-AA2B85F5A760}.Release|Any CPU.ActiveCfg = Release|Any CPU
		{6E561E23-907D-4189-B5F3-AA2B85F5A760}.Release|Any CPU.Build.0 = Release|Any CPU
		{0E67E07A-3EEB-4065-AE42-64B9A827AD89}.Debug|Any CPU.ActiveCfg = Debug|Any CPU
		{0E67E07A-3EEB-4065-AE42-64B9A827AD89}.Debug|Any CPU.Build.0 = Debug|Any CPU
		{0E67E07A-3EEB-4065-AE42-64B9A827AD89}.Release|Any CPU.ActiveCfg = Release|Any CPU
		{0E67E07A-3EEB-4065-AE42-64B9A827AD89}.Release|Any CPU.Build.0 = Release|Any CPU
	EndGlobalSection
	GlobalSection(SolutionProperties) = preSolution
		HideSolutionNode = FALSE
	EndGlobalSection
	GlobalSection(ExtensibilityGlobals) = postSolution
		SolutionGuid = {26F981A4-82E6-43F7-8E86-37108C635188}
	EndGlobalSection
EndGlobal
